
Microsoft Visual Studio Solution File, Format Version 12.00
# Visual Studio Version 17
VisualStudioVersion = 17.4.33205.214
MinimumVisualStudioVersion = 10.0.40219.1
Project("{FAE04EC0-301F-11D3-BF4B-00C04F79EFBC}") = "Week6StringsAndArrays", "Week6StringsAndArrays\Week6StringsAndArrays.csproj", "{8F18D7BB-2842-4A7E-996B-D3F2215864D2}"
EndProject
Project("{FAE04EC0-301F-11D3-BF4B-00C04F79EFBC}") = "Arrays", "Arrays\Arrays.csproj", "{D90A9412-9B06-460E-810C-BEE4E3F8476D}"
EndProject
Project("{FAE04EC0-301F-11D3-BF4B-00C04F79EFBC}") = "NumberArrays", "NumberArrays\NumberArrays.csproj", "{B219366D-568B-43E9-8BF4-13DDDFACDB5F}"
EndProject
Project("{FAE04EC0-301F-11D3-BF4B-00C04F79EFBC}") = "RandomElement", "RandomElement\RandomElement.csproj", "{8591D65C-F933-4FF7-8B17-D3312279D20B}"
EndProject
Global
	GlobalSection(SolutionConfigurationPlatforms) = preSolution
		Debug|Any CPU = Debug|Any CPU
		Release|Any CPU = Release|Any CPU
	EndGlobalSection
	GlobalSection(ProjectConfigurationPlatforms) = postSolution
		{8F18D7BB-2842-4A7E-996B-D3F2215864D2}.Debug|Any CPU.ActiveCfg = Debug|Any CPU
		{8F18D7BB-2842-4A7E-996B-D3F2215864D2}.Debug|Any CPU.Build.0 = Debug|Any CPU
		{8F18D7BB-2842-4A7E-996B-D3F2215864D2}.Release|Any CPU.ActiveCfg = Release|Any CPU
		{8F18D7BB-2842-4A7E-996B-D3F2215864D2}.Release|Any CPU.Build.0 = Release|Any CPU
		{D90A9412-9B06-460E-810C-BEE4E3F8476D}.Debug|Any CPU.ActiveCfg = Debug|Any CPU
		{D90A9412-9B06-460E-810C-BEE4E3F8476D}.Debug|Any CPU.Build.0 = Debug|Any CPU
		{D90A9412-9B06-460E-810C-BEE4E3F8476D}.Release|Any CPU.ActiveCfg = Release|Any CPU
		{D90A9412-9B06-460E-810C-BEE4E3F8476D}.Release|Any CPU.Build.0 = Release|Any CPU
		{B219366D-568B-43E9-8BF4-13DDDFACDB5F}.Debug|Any CPU.ActiveCfg = Debug|Any CPU
		{B219366D-568B-43E9-8BF4-13DDDFACDB5F}.Debug|Any CPU.Build.0 = Debug|Any CPU
		{B219366D-568B-43E9-8BF4-13DDDFACDB5F}.Release|Any CPU.ActiveCfg = Release|Any CPU
		{B219366D-568B-43E9-8BF4-13DDDFACDB5F}.Release|Any CPU.Build.0 = Release|Any CPU
		{8591D65C-F933-4FF7-8B17-D3312279D20B}.Debug|Any CPU.ActiveCfg = Debug|Any CPU
		{8591D65C-F933-4FF7-8B17-D3312279D20B}.Debug|Any CPU.Build.0 = Debug|Any CPU
		{8591D65C-F933-4FF7-8B17-D3312279D20B}.Release|Any CPU.ActiveCfg = Release|Any CPU
		{8591D65C-F933-4FF7-8B17-D3312279D20B}.Release|Any CPU.Build.0 = Release|Any CPU
	EndGlobalSection
	GlobalSection(SolutionProperties) = preSolution
		HideSolutionNode = FALSE
	EndGlobalSection
	GlobalSection(ExtensibilityGlobals) = postSolution
		SolutionGuid = {05906DC7-CAAA-4CBB-A5A0-813CE4163CD5}
	EndGlobalSection
EndGlobal
